// !$*UTF8*$!
{
	archiveVersion = 1;
	classes = {
	};
	objectVersion = 46;
	objects = {

/* Begin PBXBuildFile section */
		C6106D151D37C64300868C04 /* TCInEqSplitViewController.swift in Sources */ = {isa = PBXBuildFile; fileRef = C6106D141D37C64300868C04 /* TCInEqSplitViewController.swift */; };
		C66C3EF91D34F2EB00D34854 /* TCTableViewCell.swift in Sources */ = {isa = PBXBuildFile; fileRef = C66C3EF81D34F2EB00D34854 /* TCTableViewCell.swift */; };
		C6ED8BAA1D327166004C8BC7 /* AppDelegate.swift in Sources */ = {isa = PBXBuildFile; fileRef = C6ED8BA91D327166004C8BC7 /* AppDelegate.swift */; };
		C6ED8BAC1D327166004C8BC7 /* TCEqSplitViewController.swift in Sources */ = {isa = PBXBuildFile; fileRef = C6ED8BAB1D327166004C8BC7 /* TCEqSplitViewController.swift */; };
		C6ED8BAF1D327166004C8BC7 /* Main.storyboard in Resources */ = {isa = PBXBuildFile; fileRef = C6ED8BAD1D327166004C8BC7 /* Main.storyboard */; };
		C6ED8BB11D327166004C8BC7 /* Assets.xcassets in Resources */ = {isa = PBXBuildFile; fileRef = C6ED8BB01D327166004C8BC7 /* Assets.xcassets */; };
		C6ED8BB41D327166004C8BC7 /* LaunchScreen.storyboard in Resources */ = {isa = PBXBuildFile; fileRef = C6ED8BB21D327166004C8BC7 /* LaunchScreen.storyboard */; };
		C6ED8BBC1D327244004C8BC7 /* TCCellValues.swift in Sources */ = {isa = PBXBuildFile; fileRef = C6ED8BBB1D327244004C8BC7 /* TCCellValues.swift */; };
		C6ED8BBE1D3272D7004C8BC7 /* TCHelperClass.swift in Sources */ = {isa = PBXBuildFile; fileRef = C6ED8BBD1D3272D7004C8BC7 /* TCHelperClass.swift */; };
		C6EED3A71D3D1EF7005E49B4 /* TCMasterData.swift in Sources */ = {isa = PBXBuildFile; fileRef = C6EED3A61D3D1EF7005E49B4 /* TCMasterData.swift */; };
/* End PBXBuildFile section */

/* Begin PBXFileReference section */
		C6106D141D37C64300868C04 /* TCInEqSplitViewController.swift */ = {isa = PBXFileReference; fileEncoding = 4; lastKnownFileType = sourcecode.swift; path = TCInEqSplitViewController.swift; sourceTree = "<group>"; };
		C66C3EF81D34F2EB00D34854 /* TCTableViewCell.swift */ = {isa = PBXFileReference; fileEncoding = 4; lastKnownFileType = sourcecode.swift; path = TCTableViewCell.swift; sourceTree = "<group>"; };
		C6ED8BA61D327166004C8BC7 /* Tip Me.app */ = {isa = PBXFileReference; explicitFileType = wrapper.application; includeInIndex = 0; path = "Tip Me.app"; sourceTree = BUILT_PRODUCTS_DIR; };
		C6ED8BA91D327166004C8BC7 /* AppDelegate.swift */ = {isa = PBXFileReference; lastKnownFileType = sourcecode.swift; path = AppDelegate.swift; sourceTree = "<group>"; };
		C6ED8BAB1D327166004C8BC7 /* TCEqSplitViewController.swift */ = {isa = PBXFileReference; lastKnownFileType = sourcecode.swift; path = TCEqSplitViewController.swift; sourceTree = "<group>"; };
		C6ED8BAE1D327166004C8BC7 /* Base */ = {isa = PBXFileReference; lastKnownFileType = file.storyboard; name = Base; path = Base.lproj/Main.storyboard; sourceTree = "<group>"; };
		C6ED8BB01D327166004C8BC7 /* Assets.xcassets */ = {isa = PBXFileReference; lastKnownFileType = folder.assetcatalog; path = Assets.xcassets; sourceTree = "<group>"; };
		C6ED8BB31D327166004C8BC7 /* Base */ = {isa = PBXFileReference; lastKnownFileType = file.storyboard; name = Base; path = Base.lproj/LaunchScreen.storyboard; sourceTree = "<group>"; };
		C6ED8BB51D327166004C8BC7 /* Info.plist */ = {isa = PBXFileReference; lastKnownFileType = text.plist.xml; path = Info.plist; sourceTree = "<group>"; };
		C6ED8BBB1D327244004C8BC7 /* TCCellValues.swift */ = {isa = PBXFileReference; fileEncoding = 4; lastKnownFileType = sourcecode.swift; path = TCCellValues.swift; sourceTree = "<group>"; };
		C6ED8BBD1D3272D7004C8BC7 /* TCHelperClass.swift */ = {isa = PBXFileReference; fileEncoding = 4; lastKnownFileType = sourcecode.swift; path = TCHelperClass.swift; sourceTree = "<group>"; };
		C6EED3A61D3D1EF7005E49B4 /* TCMasterData.swift */ = {isa = PBXFileReference; fileEncoding = 4; lastKnownFileType = sourcecode.swift; path = TCMasterData.swift; sourceTree = "<group>"; };
/* End PBXFileReference section */

/* Begin PBXFrameworksBuildPhase section */
		C6ED8BA31D327166004C8BC7 /* Frameworks */ = {
			isa = PBXFrameworksBuildPhase;
			buildActionMask = 2147483647;
			files = (
			);
			runOnlyForDeploymentPostprocessing = 0;
		};
/* End PBXFrameworksBuildPhase section */

/* Begin PBXGroup section */
		C6ED8B9D1D327166004C8BC7 = {
			isa = PBXGroup;
			children = (
				C6ED8BA81D327166004C8BC7 /* TipMe */,
				C6ED8BA71D327166004C8BC7 /* Products */,
			);
			sourceTree = "<group>";
		};
		C6ED8BA71D327166004C8BC7 /* Products */ = {
			isa = PBXGroup;
			children = (
				C6ED8BA61D327166004C8BC7 /* Tip Me.app */,
			);
			name = Products;
			sourceTree = "<group>";
		};
		C6ED8BA81D327166004C8BC7 /* TipMe */ = {
			isa = PBXGroup;
			children = (
				C6ED8BA91D327166004C8BC7 /* AppDelegate.swift */,
				C6ED8BAB1D327166004C8BC7 /* TCEqSplitViewController.swift */,
				C6ED8BAD1D327166004C8BC7 /* Main.storyboard */,
				C6ED8BB01D327166004C8BC7 /* Assets.xcassets */,
				C6ED8BB21D327166004C8BC7 /* LaunchScreen.storyboard */,
				C6ED8BB51D327166004C8BC7 /* Info.plist */,
				C6ED8BBB1D327244004C8BC7 /* TCCellValues.swift */,
				C6ED8BBD1D3272D7004C8BC7 /* TCHelperClass.swift */,
				C66C3EF81D34F2EB00D34854 /* TCTableViewCell.swift */,
				C6106D141D37C64300868C04 /* TCInEqSplitViewController.swift */,
				C6EED3A61D3D1EF7005E49B4 /* TCMasterData.swift */,
			);
			name = TipMe;
			path = TipCalculator;
			sourceTree = "<group>";
		};
/* End PBXGroup section */

/* Begin PBXNativeTarget section */
		C6ED8BA51D327166004C8BC7 /* Tip Me */ = {
			isa = PBXNativeTarget;
			buildConfigurationList = C6ED8BB81D327166004C8BC7 /* Build configuration list for PBXNativeTarget "Tip Me" */;
			buildPhases = (
				C6ED8BA21D327166004C8BC7 /* Sources */,
				C6ED8BA31D327166004C8BC7 /* Frameworks */,
				C6ED8BA41D327166004C8BC7 /* Resources */,
			);
			buildRules = (
			);
			dependencies = (
			);
			name = "Tip Me";
			productName = TipCalculator;
			productReference = C6ED8BA61D327166004C8BC7 /* Tip Me.app */;
			productType = "com.apple.product-type.application";
		};
/* End PBXNativeTarget section */

/* Begin PBXProject section */
		C6ED8B9E1D327166004C8BC7 /* Project object */ = {
			isa = PBXProject;
			attributes = {
				LastSwiftUpdateCheck = 0730;
				LastUpgradeCheck = 0730;
				ORGANIZATIONNAME = "funza Academy";
				TargetAttributes = {
					C6ED8BA51D327166004C8BC7 = {
						CreatedOnToolsVersion = 7.3.1;
						DevelopmentTeam = A9WR928J26;
					};
				};
			};
			buildConfigurationList = C6ED8BA11D327166004C8BC7 /* Build configuration list for PBXProject "TipMe" */;
			compatibilityVersion = "Xcode 3.2";
			developmentRegion = English;
			hasScannedForEncodings = 0;
			knownRegions = (
				en,
				Base,
			);
			mainGroup = C6ED8B9D1D327166004C8BC7;
			productRefGroup = C6ED8BA71D327166004C8BC7 /* Products */;
			projectDirPath = "";
			projectRoot = "";
			targets = (
				C6ED8BA51D327166004C8BC7 /* Tip Me */,
			);
		};
/* End PBXProject section */

/* Begin PBXResourcesBuildPhase section */
		C6ED8BA41D327166004C8BC7 /* Resources */ = {
			isa = PBXResourcesBuildPhase;
			buildActionMask = 2147483647;
			files = (
				C6ED8BB41D327166004C8BC7 /* LaunchScreen.storyboard in Resources */,
				C6ED8BB11D327166004C8BC7 /* Assets.xcassets in Resources */,
				C6ED8BAF1D327166004C8BC7 /* Main.storyboard in Resources */,
			);
			runOnlyForDeploymentPostprocessing = 0;
		};
/* End PBXResourcesBuildPhase section */

/* Begin PBXSourcesBuildPhase section */
		C6ED8BA21D327166004C8BC7 /* Sources */ = {
			isa = PBXSourcesBuildPhase;
			buildActionMask = 2147483647;
			files = (
				C6ED8BAC1D327166004C8BC7 /* TCEqSplitViewController.swift in Sources */,
				C6ED8BAA1D327166004C8BC7 /* AppDelegate.swift in Sources */,
				C6ED8BBC1D327244004C8BC7 /* TCCellValues.swift in Sources */,
				C6106D151D37C64300868C04 /* TCInEqSplitViewController.swift in Sources */,
				C6EED3A71D3D1EF7005E49B4 /* TCMasterData.swift in Sources */,
				C6ED8BBE1D3272D7004C8BC7 /* TCHelperClass.swift in Sources */,
				C66C3EF91D34F2EB00D34854 /* TCTableViewCell.swift in Sources */,
			);
			runOnlyForDeploymentPostprocessing = 0;
		};
/* End PBXSourcesBuildPhase section */

/* Begin PBXVariantGroup section */
		C6ED8BAD1D327166004C8BC7 /* Main.storyboard */ = {
			isa = PBXVariantGroup;
			children = (
				C6ED8BAE1D327166004C8BC7 /* Base */,
			);
			name = Main.storyboard;
			sourceTree = "<group>";
		};
		C6ED8BB21D327166004C8BC7 /* LaunchScreen.storyboard */ = {
			isa = PBXVariantGroup;
			children = (
				C6ED8BB31D327166004C8BC7 /* Base */,
			);
			name = LaunchScreen.storyboard;
			sourceTree = "<group>";
		};
/* End PBXVariantGroup section */

/* Begin XCBuildConfiguration section */
		C6ED8BB61D327166004C8BC7 /* Debug */ = {
			isa = XCBuildConfiguration;
			buildSettings = {
				ALWAYS_SEARCH_USER_PATHS = NO;
				CLANG_ANALYZER_NONNULL = YES;
				CLANG_CXX_LANGUAGE_STANDARD = "gnu++0x";
				CLANG_CXX_LIBRARY = "libc++";
				CLANG_ENABLE_MODULES = YES;
				CLANG_ENABLE_OBJC_ARC = YES;
				CLANG_WARN_BOOL_CONVERSION = YES;
				CLANG_WARN_CONSTANT_CONVERSION = YES;
				CLANG_WARN_DIRECT_OBJC_ISA_USAGE = YES_ERROR;
				CLANG_WARN_EMPTY_BODY = YES;
				CLANG_WARN_ENUM_CONVERSION = YES;
				CLANG_WARN_INT_CONVERSION = YES;
				CLANG_WARN_OBJC_ROOT_CLASS = YES_ERROR;
				CLANG_WARN_UNREACHABLE_CODE = YES;
				CLANG_WARN__DUPLICATE_METHOD_MATCH = YES;
				"CODE_SIGN_IDENTITY[sdk=iphoneos*]" = "iPhone Developer";
				COPY_PHASE_STRIP = NO;
				DEBUG_INFORMATION_FORMAT = dwarf;
				ENABLE_STRICT_OBJC_MSGSEND = YES;
				ENABLE_TESTABILITY = YES;
				GCC_C_LANGUAGE_STANDARD = gnu99;
				GCC_DYNAMIC_NO_PIC = NO;
				GCC_NO_COMMON_BLOCKS = YES;
				GCC_OPTIMIZATION_LEVEL = 0;
				GCC_PREPROCESSOR_DEFINITIONS = (
					"DEBUG=1",
					"$(inherited)",
				);
				GCC_WARN_64_TO_32_BIT_CONVERSION = YES;
				GCC_WARN_ABOUT_RETURN_TYPE = YES_ERROR;
				GCC_WARN_UNDECLARED_SELECTOR = YES;
				GCC_WARN_UNINITIALIZED_AUTOS = YES_AGGRESSIVE;
				GCC_WARN_UNUSED_FUNCTION = YES;
				GCC_WARN_UNUSED_VARIABLE = YES;
				IPHONEOS_DEPLOYMENT_TARGET = 9.0;
				MTL_ENABLE_DEBUG_INFO = YES;
				ONLY_ACTIVE_ARCH = YES;
				SDKROOT = iphoneos;
				SWIFT_OPTIMIZATION_LEVEL = "-Onone";
			};
			name = Debug;
		};
		C6ED8BB71D327166004C8BC7 /* Release */ = {
			isa = XCBuildConfiguration;
			buildSettings = {
				ALWAYS_SEARCH_USER_PATHS = NO;
				CLANG_ANALYZER_NONNULL = YES;
				CLANG_CXX_LANGUAGE_STANDARD = "gnu++0x";
				CLANG_CXX_LIBRARY = "libc++";
				CLANG_ENABLE_MODULES = YES;
				CLANG_ENABLE_OBJC_ARC = YES;
				CLANG_WARN_BOOL_CONVERSION = YES;
				CLANG_WARN_CONSTANT_CONVERSION = YES;
				CLANG_WARN_DIRECT_OBJC_ISA_USAGE = YES_ERROR;
				CLANG_WARN_EMPTY_BODY = YES;
				CLANG_WARN_ENUM_CONVERSION = YES;
				CLANG_WARN_INT_CONVERSION = YES;
				CLANG_WARN_OBJC_ROOT_CLASS = YES_ERROR;
				CLANG_WARN_UNREACHABLE_CODE = YES;
				CLANG_WARN__DUPLICATE_METHOD_MATCH = YES;
				"CODE_SIGN_IDENTITY[sdk=iphoneos*]" = "iPhone Developer";
				COPY_PHASE_STRIP = NO;
				DEBUG_INFORMATION_FORMAT = "dwarf-with-dsym";
				ENABLE_NS_ASSERTIONS = NO;
				ENABLE_STRICT_OBJC_MSGSEND = YES;
				GCC_C_LANGUAGE_STANDARD = gnu99;
				GCC_NO_COMMON_BLOCKS = YES;
				GCC_WARN_64_TO_32_BIT_CONVERSION = YES;
				GCC_WARN_ABOUT_RETURN_TYPE = YES_ERROR;
				GCC_WARN_UNDECLARED_SELECTOR = YES;
				GCC_WARN_UNINITIALIZED_AUTOS = YES_AGGRESSIVE;
				GCC_WARN_UNUSED_FUNCTION = YES;
				GCC_WARN_UNUSED_VARIABLE = YES;
				IPHONEOS_DEPLOYMENT_TARGET = 9.0;
				MTL_ENABLE_DEBUG_INFO = NO;
				SDKROOT = iphoneos;
				VALIDATE_PRODUCT = YES;
			};
			name = Release;
		};
		C6ED8BB91D327166004C8BC7 /* Debug */ = {
			isa = XCBuildConfiguration;
			buildSettings = {
				ASSETCATALOG_COMPILER_APPICON_NAME = AppIcon;
				CODE_SIGN_IDENTITY = "iPhone Developer: Sanjay Noronha (FE9ADNEYXN)";
				"CODE_SIGN_IDENTITY[sdk=iphoneos*]" = "iPhone Developer: Sanjay Noronha (FE9ADNEYXN)";
				INFOPLIST_FILE = TipCalculator/Info.plist;
				IPHONEOS_DEPLOYMENT_TARGET = 9.0;
				LD_RUNPATH_SEARCH_PATHS = "$(inherited) @executable_path/Frameworks";
				PRODUCT_BUNDLE_IDENTIFIER = info.funza.TipMe;
				PRODUCT_NAME = "Tip Me";
				PROVISIONING_PROFILE = "";
				TARGETED_DEVICE_FAMILY = 1;
			};
			name = Debug;
		};
		C6ED8BBA1D327166004C8BC7 /* Release */ = {
			isa = XCBuildConfiguration;
			buildSettings = {
				ASSETCATALOG_COMPILER_APPICON_NAME = AppIcon;
				CODE_SIGN_IDENTITY = "iPhone Distribution: Sanjay Noronha (A9WR928J26)";
				"CODE_SIGN_IDENTITY[sdk=iphoneos*]" = "iPhone Distribution: Sanjay Noronha (A9WR928J26)";
				INFOPLIST_FILE = TipCalculator/Info.plist;
				IPHONEOS_DEPLOYMENT_TARGET = 9.0;
				LD_RUNPATH_SEARCH_PATHS = "$(inherited) @executable_path/Frameworks";
				PRODUCT_BUNDLE_IDENTIFIER = info.funza.TipMe;
				PRODUCT_NAME = "Tip Me";
				PROVISIONING_PROFILE = "";
				TARGETED_DEVICE_FAMILY = 1;
			};
			name = Release;
		};
/* End XCBuildConfiguration section */

/* Begin XCConfigurationList section */
		C6ED8BA11D327166004C8BC7 /* Build configuration list for PBXProject "TipMe" */ = {
			isa = XCConfigurationList;
			buildConfigurations = (
				C6ED8BB61D327166004C8BC7 /* Debug */,
				C6ED8BB71D327166004C8BC7 /* Release */,
			);
			defaultConfigurationIsVisible = 0;
			defaultConfigurationName = Release;
		};
		C6ED8BB81D327166004C8BC7 /* Build configuration list for PBXNativeTarget "Tip Me" */ = {
			isa = XCConfigurationList;
			buildConfigurations = (
				C6ED8BB91D327166004C8BC7 /* Debug */,
				C6ED8BBA1D327166004C8BC7 /* Release */,
			);
			defaultConfigurationIsVisible = 0;
			defaultConfigurationName = Release;
		};
/* End XCConfigurationList section */
	};
	rootObject = C6ED8B9E1D327166004C8BC7 /* Project object */;
}
